{
  "name": "@phila/vue-sso",
  "version": "1.0.0",
  "lockfileVersion": 1,
  "requires": true,
  "dependencies": {
    "@azure/msal-browser": {
      "version": "2.14.2",
      "resolved": "https://registry.npmjs.org/@azure/msal-browser/-/msal-browser-2.14.2.tgz",
      "integrity": "sha512-JKHE9Rer41CI8tweiyE91M8ZbGvQV9P+jOPB4ZtPxyxCi2f7ED3jNfdzyUJ1eGB+hCRnvO56M1Xc61T1R+JfYg==",
      "requires": {
        "@azure/msal-common": "^4.3.0"
      }
    },
    "@azure/msal-common": {
      "version": "4.3.0",
      "resolved": "https://registry.npmjs.org/@azure/msal-common/-/msal-common-4.3.0.tgz",
      "integrity": "sha512-jFqUWe83wVb6O8cNGGBFg2QlKvqM1ezUgJTEV7kIsAPX0RXhGFE4B1DLNt6hCnkTXDbw+KGW0zgxOEr4MJQwLw==",
      "requires": {
        "debug": "^4.1.1"
      }
    },
    "debug": {
      "version": "4.3.1",
      "resolved": "https://registry.npmjs.org/debug/-/debug-4.3.1.tgz",
      "integrity": "sha512-doEwdvm4PCeK4K3RQN2ZC2BYUBaxwLARCqZmMjtF8a51J2Rb0xpVloFRnCODwqjpwnAoao4pelN8l3RJdv3gRQ==",
      "requires": {
        "ms": "2.1.2"
      }
    },
    "ms": {
      "version": "2.1.2",
      "resolved": "https://registry.npmjs.org/ms/-/ms-2.1.2.tgz",
      "integrity": "sha512-sGkPx+VjMtmA6MX27oA4FBFELFCZZ4S4XqeGOXCv68tT+jb3vk/RyaKWP0PTKyWtmLSM0b+adUTEvbs1PEaH2w=="
    }
  }
}
